#include <stdio.h>
int addGrades (float a, float b, float c, float d, float e);
int getAverage (float sum );

int main()
{
    float marks1, marks2, marks3, marks4, marks5, sum, average;
    int num = 1;

    printf("-----------------------------------------\n");
    printf("------------ CALCULATE AVERAGE ----------\n");
    printf("-----------------------------------------\n");
    do
    {
        printf("-_-_-_-_-_-_-_-_-_-_-_-_-_-_-_-_-_-_-_-_-\n\n");
        printf("Average grade for Student %d\n", num);
        printf("-----------------------------------------\n");
        printf("Enter grade obtained in subject 1: ");
        scanf("%f", &marks1);
        printf("Enter grade obtained in subject 2: ");
        scanf("%f", &marks2);
        printf("Enter grade obtained in subject 3: ");
        scanf("%f", &marks3);
        printf("Enter grade obtained in subject 4: ");
        scanf("%f", &marks4);
        printf("Enter grade obtained in subject 5: ");
        scanf("%f", &marks5);

        sum = addGrades (marks1, marks2, marks3, marks4, marks5);
        average = getAverage(sum);
        printf("Student %d Average = %.2f\n", num, average);
        num++;
        printf("-----------------------------------------\n");
    }while(num <=10);

    return 0;
}

int addGrades (float a, float b, float c, float d, float e)
{
    float sum;
    sum = a+b+c+d+e;
    return sum;
}

int getAverage (float sum )
{
    float average;
    average = sum/5;
    return average;
}
