#include <stdio.h>
#define MAX_SIZE 100

int main()
{
    int id, pin, num = 0;
    printf("-------------------------------------\n");
    printf("---------------- LOG IN -------------\n");
    printf("-------------------------------------\n");
    do{
            printf("Enter ID number: ");
            fflush(stdout);
            while (scanf("%d", &id) != 1)
            {
                clear_stream(stdin);
                printf("Invalid integer. Please try again: ");
                fflush(stdout);
            }
            printf("Enter PIN: ");
            fflush(stdout);
            while (scanf("%d", &pin) != 1)
            {
                clear_stream(stdin);
                printf("\nInvalid integer. Please try again: ");
                fflush(stdout);
            }
            if( id == 190110946 && pin == 2468)
            {
                printf("You have successfully Logged In\n");
                printf("ID Number: %d  \n", id);
            }
            else
                printf("Invalid ID/PIN\n");
        num++;
        printf("-------------------------------------\n");
    }while(num<=1000);
    return 0;
}
void clear_stream(FILE *in)
{
    int ch;
    clearerr(in);
    do
        ch = getc(in);
    while (ch != '\n' && ch != EOF);
    clearerr(in);
}
