#include <stdio.h>
#include <stdlib.h>

void main()
{
    int x, n=0, num =1;
    printf("-------------------------------------\n");
    printf("------------ REVERSE ORDER ----------\n");
    printf("-------------------------------------\n");
    for(num = 1; num <=10; num++){
            printf("Expected Output %d\n", num);
            printf("Input any integer: ");
            fflush(stdout);
            while (scanf("%d", &x) != 1)
            {
                clear_stream(stdin);
                printf("Invalid integer. Please try again: ");
                fflush(stdout);
            }
                while ( x > 0)
                {
                    n = n * 10 + x% 10;
                    x = x / 10;
                }
                printf("Reversed Order = %d\n" ,n);
        num++;
        printf("-------------------------------------\n");
    }
}

void clear_stream(FILE *in)
{
    int ch;
    clearerr(in);
    do
        ch = getc(in);
    while (ch != '\n' && ch != EOF);
    clearerr(in);
}
