#include <stdio.h>
#define MAX_SIZE 100

//Function declaration
void PrintArray(int arr[], int start, int len);
int getSum(int arr[], int len);

int main()
{
    int arr[MAX_SIZE];
    int num, x, i;
    printf("-------------------------------------\n");
    printf("------------ SUM OF ARRAY -----------\n");
        printf("-------------------------------------\n");
        // Inputting size and elements in array
        printf("Enter size of the array: ");
        scanf("%d", &num);
        printf("Enter elements in the array: ");
        for(i=0; i<num;i++)
        {
            scanf("%d", &arr[i]);
        }
        // Printing array recursively
        printf("Elements in the array: ");
        PrintArray(arr, 0, num);
        int sum;
        sum = getSum(arr, num);
        printf("\nSum of elements in the array: %d \n", sum);
        printf("-------------------------------------\n");
    return 0;
}

// Printing array recursively within a given range.

void PrintArray(int arr[], int start, int len)
{
    // Recursion base condition
    if(start >= len)
        return;

    // Printing the current array element
    printf("%d ", arr[start]);

    // Recursively calling printArray to print next element in the array
    PrintArray(arr, start + 1, len);
}

int getSum(int arr[], int num)
{
    if (num < 0) {
     //base case:
     return 0;
   } else{
     //Recursion: calling itself
     return arr[num] + getSum(arr, num-1);
    }
}
