#include <stdio.h>
#include <stdlib.h>

int main()
{
    int x, num=1;
    printf("-------------------------------------\n");
    printf("--------- CHECK INPUT INTEGER--------\n");
    printf("-------------------------------------\n");
    do{
            printf("Expected Output %d\n", num);
            printf("Input any integer: ");
            fflush(stdout);
            while (scanf("%d", &x) != 1)
            {
                clear_stream(stdin);
                printf("Invalid integer. Please try again: ");
                fflush(stdout);
            }
            switch (x > 0)
            {
                // Num is positive
                case 1:
                    printf("%d is positive.\n", x);
                break;

                // Num is either negative or zero
                case 0:
                    switch (x < 0)
                    {
                        case 1:
                            printf("%d is negative.\n", x);
                            break;
                        case 0:
                            printf("%d is zero.\n", x);
                            break;
                    }
                break;
            }
        num++;
        printf("-------------------------------------\n");
    }while(num<=10);
    return 0;
}
void clear_stream(FILE *in)
{
    int ch;
    clearerr(in);
    do
        ch = getc(in);
    while (ch != '\n' && ch != EOF);
    clearerr(in);
}
